
Microsoft Visual Studio Solution File, Format Version 12.00
# Visual Studio Version 17
VisualStudioVersion = 17.3.32804.467
MinimumVisualStudioVersion = 10.0.40219.1
Project("{FAE04EC0-301F-11D3-BF4B-00C04F79EFBC}") = "ManageCategoriesApp", "ManageCategoriesApp\ManageCategoriesApp.csproj", "{D1ADA7D0-DF2E-4B34-B002-42788F6B77A5}"
EndProject
Global
	GlobalSection(SolutionConfigurationPlatforms) = preSolution
		Debug|Any CPU = Debug|Any CPU
		Release|Any CPU = Release|Any CPU
	EndGlobalSection
	GlobalSection(ProjectConfigurationPlatforms) = postSolution
		{D1ADA7D0-DF2E-4B34-B002-42788F6B77A5}.Debug|Any CPU.ActiveCfg = Debug|Any CPU
		{D1ADA7D0-DF2E-4B34-B002-42788F6B77A5}.Debug|Any CPU.Build.0 = Debug|Any CPU
		{D1ADA7D0-DF2E-4B34-B002-42788F6B77A5}.Release|Any CPU.ActiveCfg = Release|Any CPU
		{D1ADA7D0-DF2E-4B34-B002-42788F6B77A5}.Release|Any CPU.Build.0 = Release|Any CPU
	EndGlobalSection
	GlobalSection(SolutionProperties) = preSolution
		HideSolutionNode = FALSE
	EndGlobalSection
	GlobalSection(ExtensibilityGlobals) = postSolution
		SolutionGuid = {B4D264D6-A53C-4240-AAD0-C2CEC452BEB3}
	EndGlobalSection
EndGlobal
